{
  "name": "decision-matrix",
  "version": "1.0.0",
  "lockfileVersion": 1,
  "requires": true,
  "dependencies": {
    "macian": {
      "version": "1.0.3",
      "resolved": "https://registry.npmjs.org/macian/-/macian-1.0.3.tgz",
      "integrity": "sha512-JtZZISYCTnaOa7asnEBQNV7W09hswtEJNiDd7cfZC69LOYspeJBY3tMSQBH3wMfWpV6Z7Eaw4QkS2ofEFWmZcA=="
    },
    "mithril": {
      "version": "2.0.4",
      "resolved": "https://registry.npmjs.org/mithril/-/mithril-2.0.4.tgz",
      "integrity": "sha512-mgw+DMZlhMS4PpprF6dl7ZoeZq5GGcAuWnrg5e12MvaGauc4jzWsDZtVGRCktsiQczOEUr2K5teKbE5k44RlOg=="
    }
  }
}
